
Microsoft Visual Studio Solution File, Format Version 12.00
# Visual Studio Version 16
VisualStudioVersion = 16.0.31729.503
MinimumVisualStudioVersion = 10.0.40219.1
Project("{FAE04EC0-301F-11D3-BF4B-00C04F79EFBC}") = "Dio Series", "Dio Series\Dio Series.csproj", "{95B3E351-F5F9-4EDD-AD3B-241072744051}"
EndProject
Global
	GlobalSection(SolutionConfigurationPlatforms) = preSolution
		Debug|Any CPU = Debug|Any CPU
		Release|Any CPU = Release|Any CPU
	EndGlobalSection
	GlobalSection(ProjectConfigurationPlatforms) = postSolution
		{95B3E351-F5F9-4EDD-AD3B-241072744051}.Debug|Any CPU.ActiveCfg = Debug|Any CPU
		{95B3E351-F5F9-4EDD-AD3B-241072744051}.Debug|Any CPU.Build.0 = Debug|Any CPU
		{95B3E351-F5F9-4EDD-AD3B-241072744051}.Release|Any CPU.ActiveCfg = Release|Any CPU
		{95B3E351-F5F9-4EDD-AD3B-241072744051}.Release|Any CPU.Build.0 = Release|Any CPU
	EndGlobalSection
	GlobalSection(SolutionProperties) = preSolution
		HideSolutionNode = FALSE
	EndGlobalSection
	GlobalSection(ExtensibilityGlobals) = postSolution
		SolutionGuid = {1AB7C8EE-C3D2-434A-9F49-A72A5783062E}
	EndGlobalSection
EndGlobal
